// !$*UTF8*$!
{
	archiveVersion = 1;
	classes = {
	};
	objectVersion = 55;
	objects = {

/* Begin PBXBuildFile section */
		114C56CD27B66F2C004695AA /* UIButtonExt.swift in Sources */ = {isa = PBXBuildFile; fileRef = 114C56CC27B66F2C004695AA /* UIButtonExt.swift */; };
		119124A527B5678400D3D59E /* VC3.swift in Sources */ = {isa = PBXBuildFile; fileRef = 119124A427B5678400D3D59E /* VC3.swift */; };
		11E8166427B413F5003D5B88 /* AppDelegate.swift in Sources */ = {isa = PBXBuildFile; fileRef = 11E8166327B413F5003D5B88 /* AppDelegate.swift */; };
		11E8166627B413F5003D5B88 /* SceneDelegate.swift in Sources */ = {isa = PBXBuildFile; fileRef = 11E8166527B413F5003D5B88 /* SceneDelegate.swift */; };
		11E8166827B413F5003D5B88 /* VC1.swift in Sources */ = {isa = PBXBuildFile; fileRef = 11E8166727B413F5003D5B88 /* VC1.swift */; };
		11E8166B27B413F5003D5B88 /* Main.storyboard in Resources */ = {isa = PBXBuildFile; fileRef = 11E8166927B413F5003D5B88 /* Main.storyboard */; };
		11E8166D27B413F8003D5B88 /* Assets.xcassets in Resources */ = {isa = PBXBuildFile; fileRef = 11E8166C27B413F8003D5B88 /* Assets.xcassets */; };
		11E8167027B413F8003D5B88 /* LaunchScreen.storyboard in Resources */ = {isa = PBXBuildFile; fileRef = 11E8166E27B413F8003D5B88 /* LaunchScreen.storyboard */; };
		11E8167B27B42775003D5B88 /* VC2.swift in Sources */ = {isa = PBXBuildFile; fileRef = 11E8167A27B42775003D5B88 /* VC2.swift */; };
		11E8167D27B44289003D5B88 /* Currency.swift in Sources */ = {isa = PBXBuildFile; fileRef = 11E8167C27B44289003D5B88 /* Currency.swift */; };
		11FDA74127B8F16300BB304D /* CurrencyConverterTests.swift in Sources */ = {isa = PBXBuildFile; fileRef = 11FDA74027B8F16300BB304D /* CurrencyConverterTests.swift */; };
		11FDA74727B8F9E100BB304D /* VC1.swift in Sources */ = {isa = PBXBuildFile; fileRef = 11E8166727B413F5003D5B88 /* VC1.swift */; };
		11FDA74927B9009700BB304D /* VC2.swift in Sources */ = {isa = PBXBuildFile; fileRef = 11E8167A27B42775003D5B88 /* VC2.swift */; };
		11FDA74A27B9009C00BB304D /* UIButtonExt.swift in Sources */ = {isa = PBXBuildFile; fileRef = 114C56CC27B66F2C004695AA /* UIButtonExt.swift */; };
		11FDA74B27B9009F00BB304D /* Currency.swift in Sources */ = {isa = PBXBuildFile; fileRef = 11E8167C27B44289003D5B88 /* Currency.swift */; };
/* End PBXBuildFile section */

/* Begin PBXContainerItemProxy section */
		11FDA74227B8F16300BB304D /* PBXContainerItemProxy */ = {
			isa = PBXContainerItemProxy;
			containerPortal = 11E8165827B413F5003D5B88 /* Project object */;
			proxyType = 1;
			remoteGlobalIDString = 11E8165F27B413F5003D5B88;
			remoteInfo = CurrencyConverter;
		};
/* End PBXContainerItemProxy section */

/* Begin PBXFileReference section */
		114C56CC27B66F2C004695AA /* UIButtonExt.swift */ = {isa = PBXFileReference; lastKnownFileType = sourcecode.swift; path = UIButtonExt.swift; sourceTree = "<group>"; };
		119124A427B5678400D3D59E /* VC3.swift */ = {isa = PBXFileReference; lastKnownFileType = sourcecode.swift; path = VC3.swift; sourceTree = "<group>"; };
		11E8166027B413F5003D5B88 /* CurrencyConverter.app */ = {isa = PBXFileReference; explicitFileType = wrapper.application; includeInIndex = 0; path = CurrencyConverter.app; sourceTree = BUILT_PRODUCTS_DIR; };
		11E8166327B413F5003D5B88 /* AppDelegate.swift */ = {isa = PBXFileReference; lastKnownFileType = sourcecode.swift; path = AppDelegate.swift; sourceTree = "<group>"; };
		11E8166527B413F5003D5B88 /* SceneDelegate.swift */ = {isa = PBXFileReference; lastKnownFileType = sourcecode.swift; path = SceneDelegate.swift; sourceTree = "<group>"; };
		11E8166727B413F5003D5B88 /* VC1.swift */ = {isa = PBXFileReference; lastKnownFileType = sourcecode.swift; path = VC1.swift; sourceTree = "<group>"; };
		11E8166A27B413F5003D5B88 /* Base */ = {isa = PBXFileReference; lastKnownFileType = file.storyboard; name = Base; path = Base.lproj/Main.storyboard; sourceTree = "<group>"; };
		11E8166C27B413F8003D5B88 /* Assets.xcassets */ = {isa = PBXFileReference; lastKnownFileType = folder.assetcatalog; path = Assets.xcassets; sourceTree = "<group>"; };
		11E8166F27B413F8003D5B88 /* Base */ = {isa = PBXFileReference; lastKnownFileType = file.storyboard; name = Base; path = Base.lproj/LaunchScreen.storyboard; sourceTree = "<group>"; };
		11E8167127B413F8003D5B88 /* Info.plist */ = {isa = PBXFileReference; lastKnownFileType = text.plist.xml; path = Info.plist; sourceTree = "<group>"; };
		11E8167A27B42775003D5B88 /* VC2.swift */ = {isa = PBXFileReference; lastKnownFileType = sourcecode.swift; path = VC2.swift; sourceTree = "<group>"; };
		11E8167C27B44289003D5B88 /* Currency.swift */ = {isa = PBXFileReference; lastKnownFileType = sourcecode.swift; path = Currency.swift; sourceTree = "<group>"; };
		11FDA73E27B8F16300BB304D /* CurrencyConverterTests.xctest */ = {isa = PBXFileReference; explicitFileType = wrapper.cfbundle; includeInIndex = 0; path = CurrencyConverterTests.xctest; sourceTree = BUILT_PRODUCTS_DIR; };
		11FDA74027B8F16300BB304D /* CurrencyConverterTests.swift */ = {isa = PBXFileReference; lastKnownFileType = sourcecode.swift; path = CurrencyConverterTests.swift; sourceTree = "<group>"; };
/* End PBXFileReference section */

/* Begin PBXFrameworksBuildPhase section */
		11E8165D27B413F5003D5B88 /* Frameworks */ = {
			isa = PBXFrameworksBuildPhase;
			buildActionMask = 2147483647;
			files = (
			);
			runOnlyForDeploymentPostprocessing = 0;
		};
		11FDA73B27B8F16300BB304D /* Frameworks */ = {
			isa = PBXFrameworksBuildPhase;
			buildActionMask = 2147483647;
			files = (
			);
			runOnlyForDeploymentPostprocessing = 0;
		};
/* End PBXFrameworksBuildPhase section */

/* Begin PBXGroup section */
		114C56CB27B66F07004695AA /* Extensions */ = {
			isa = PBXGroup;
			children = (
				114C56CC27B66F2C004695AA /* UIButtonExt.swift */,
			);
			path = Extensions;
			sourceTree = "<group>";
		};
		11E8165727B413F5003D5B88 = {
			isa = PBXGroup;
			children = (
				11E8166227B413F5003D5B88 /* CurrencyConverter */,
				11FDA73F27B8F16300BB304D /* CurrencyConverterTests */,
				11E8166127B413F5003D5B88 /* Products */,
			);
			sourceTree = "<group>";
		};
		11E8166127B413F5003D5B88 /* Products */ = {
			isa = PBXGroup;
			children = (
				11E8166027B413F5003D5B88 /* CurrencyConverter.app */,
				11FDA73E27B8F16300BB304D /* CurrencyConverterTests.xctest */,
			);
			name = Products;
			sourceTree = "<group>";
		};
		11E8166227B413F5003D5B88 /* CurrencyConverter */ = {
			isa = PBXGroup;
			children = (
				114C56CB27B66F07004695AA /* Extensions */,
				11E8167927B42682003D5B88 /* Controller */,
				11E8167827B42675003D5B88 /* View */,
				11E8167727B42668003D5B88 /* Model */,
				11E8166327B413F5003D5B88 /* AppDelegate.swift */,
				11E8166527B413F5003D5B88 /* SceneDelegate.swift */,
				11E8166927B413F5003D5B88 /* Main.storyboard */,
				11E8166C27B413F8003D5B88 /* Assets.xcassets */,
				11E8166E27B413F8003D5B88 /* LaunchScreen.storyboard */,
				11E8167127B413F8003D5B88 /* Info.plist */,
			);
			path = CurrencyConverter;
			sourceTree = "<group>";
		};
		11E8167727B42668003D5B88 /* Model */ = {
			isa = PBXGroup;
			children = (
				11E8167C27B44289003D5B88 /* Currency.swift */,
			);
			path = Model;
			sourceTree = "<group>";
		};
		11E8167827B42675003D5B88 /* View */ = {
			isa = PBXGroup;
			children = (
			);
			path = View;
			sourceTree = "<group>";
		};
		11E8167927B42682003D5B88 /* Controller */ = {
			isa = PBXGroup;
			children = (
				11E8166727B413F5003D5B88 /* VC1.swift */,
				11E8167A27B42775003D5B88 /* VC2.swift */,
				119124A427B5678400D3D59E /* VC3.swift */,
			);
			path = Controller;
			sourceTree = "<group>";
		};
		11FDA73F27B8F16300BB304D /* CurrencyConverterTests */ = {
			isa = PBXGroup;
			children = (
				11FDA74027B8F16300BB304D /* CurrencyConverterTests.swift */,
			);
			path = CurrencyConverterTests;
			sourceTree = "<group>";
		};
/* End PBXGroup section */

/* Begin PBXNativeTarget section */
		11E8165F27B413F5003D5B88 /* CurrencyConverter */ = {
			isa = PBXNativeTarget;
			buildConfigurationList = 11E8167427B413F8003D5B88 /* Build configuration list for PBXNativeTarget "CurrencyConverter" */;
			buildPhases = (
				11E8165C27B413F5003D5B88 /* Sources */,
				11E8165D27B413F5003D5B88 /* Frameworks */,
				11E8165E27B413F5003D5B88 /* Resources */,
			);
			buildRules = (
			);
			dependencies = (
			);
			name = CurrencyConverter;
			productName = CurrencyConverter;
			productReference = 11E8166027B413F5003D5B88 /* CurrencyConverter.app */;
			productType = "com.apple.product-type.application";
		};
		11FDA73D27B8F16300BB304D /* CurrencyConverterTests */ = {
			isa = PBXNativeTarget;
			buildConfigurationList = 11FDA74627B8F16300BB304D /* Build configuration list for PBXNativeTarget "CurrencyConverterTests" */;
			buildPhases = (
				11FDA73A27B8F16300BB304D /* Sources */,
				11FDA73B27B8F16300BB304D /* Frameworks */,
				11FDA73C27B8F16300BB304D /* Resources */,
			);
			buildRules = (
			);
			dependencies = (
				11FDA74327B8F16300BB304D /* PBXTargetDependency */,
			);
			name = CurrencyConverterTests;
			productName = CurrencyConverterTests;
			productReference = 11FDA73E27B8F16300BB304D /* CurrencyConverterTests.xctest */;
			productType = "com.apple.product-type.bundle.unit-test";
		};
/* End PBXNativeTarget section */

/* Begin PBXProject section */
		11E8165827B413F5003D5B88 /* Project object */ = {
			isa = PBXProject;
			attributes = {
				BuildIndependentTargetsInParallel = 1;
				LastSwiftUpdateCheck = 1320;
				LastUpgradeCheck = 1320;
				TargetAttributes = {
					11E8165F27B413F5003D5B88 = {
						CreatedOnToolsVersion = 13.2.1;
					};
					11FDA73D27B8F16300BB304D = {
						CreatedOnToolsVersion = 13.2.1;
						TestTargetID = 11E8165F27B413F5003D5B88;
					};
				};
			};
			buildConfigurationList = 11E8165B27B413F5003D5B88 /* Build configuration list for PBXProject "CurrencyConverter" */;
			compatibilityVersion = "Xcode 13.0";
			developmentRegion = en;
			hasScannedForEncodings = 0;
			knownRegions = (
				en,
				Base,
			);
			mainGroup = 11E8165727B413F5003D5B88;
			productRefGroup = 11E8166127B413F5003D5B88 /* Products */;
			projectDirPath = "";
			projectRoot = "";
			targets = (
				11E8165F27B413F5003D5B88 /* CurrencyConverter */,
				11FDA73D27B8F16300BB304D /* CurrencyConverterTests */,
			);
		};
/* End PBXProject section */

/* Begin PBXResourcesBuildPhase section */
		11E8165E27B413F5003D5B88 /* Resources */ = {
			isa = PBXResourcesBuildPhase;
			buildActionMask = 2147483647;
			files = (
				11E8167027B413F8003D5B88 /* LaunchScreen.storyboard in Resources */,
				11E8166D27B413F8003D5B88 /* Assets.xcassets in Resources */,
				11E8166B27B413F5003D5B88 /* Main.storyboard in Resources */,
			);
			runOnlyForDeploymentPostprocessing = 0;
		};
		11FDA73C27B8F16300BB304D /* Resources */ = {
			isa = PBXResourcesBuildPhase;
			buildActionMask = 2147483647;
			files = (
			);
			runOnlyForDeploymentPostprocessing = 0;
		};
/* End PBXResourcesBuildPhase section */

/* Begin PBXSourcesBuildPhase section */
		11E8165C27B413F5003D5B88 /* Sources */ = {
			isa = PBXSourcesBuildPhase;
			buildActionMask = 2147483647;
			files = (
				119124A527B5678400D3D59E /* VC3.swift in Sources */,
				11E8166827B413F5003D5B88 /* VC1.swift in Sources */,
				11E8167D27B44289003D5B88 /* Currency.swift in Sources */,
				11E8166427B413F5003D5B88 /* AppDelegate.swift in Sources */,
				11E8166627B413F5003D5B88 /* SceneDelegate.swift in Sources */,
				114C56CD27B66F2C004695AA /* UIButtonExt.swift in Sources */,
				11E8167B27B42775003D5B88 /* VC2.swift in Sources */,
			);
			runOnlyForDeploymentPostprocessing = 0;
		};
		11FDA73A27B8F16300BB304D /* Sources */ = {
			isa = PBXSourcesBuildPhase;
			buildActionMask = 2147483647;
			files = (
				11FDA74927B9009700BB304D /* VC2.swift in Sources */,
				11FDA74B27B9009F00BB304D /* Currency.swift in Sources */,
				11FDA74727B8F9E100BB304D /* VC1.swift in Sources */,
				11FDA74127B8F16300BB304D /* CurrencyConverterTests.swift in Sources */,
				11FDA74A27B9009C00BB304D /* UIButtonExt.swift in Sources */,
			);
			runOnlyForDeploymentPostprocessing = 0;
		};
/* End PBXSourcesBuildPhase section */

/* Begin PBXTargetDependency section */
		11FDA74327B8F16300BB304D /* PBXTargetDependency */ = {
			isa = PBXTargetDependency;
			target = 11E8165F27B413F5003D5B88 /* CurrencyConverter */;
			targetProxy = 11FDA74227B8F16300BB304D /* PBXContainerItemProxy */;
		};
/* End PBXTargetDependency section */

/* Begin PBXVariantGroup section */
		11E8166927B413F5003D5B88 /* Main.storyboard */ = {
			isa = PBXVariantGroup;
			children = (
				11E8166A27B413F5003D5B88 /* Base */,
			);
			name = Main.storyboard;
			sourceTree = "<group>";
		};
		11E8166E27B413F8003D5B88 /* LaunchScreen.storyboard */ = {
			isa = PBXVariantGroup;
			children = (
				11E8166F27B413F8003D5B88 /* Base */,
			);
			name = LaunchScreen.storyboard;
			sourceTree = "<group>";
		};
/* End PBXVariantGroup section */

/* Begin XCBuildConfiguration section */
		11E8167227B413F8003D5B88 /* Debug */ = {
			isa = XCBuildConfiguration;
			buildSettings = {
				ALWAYS_SEARCH_USER_PATHS = NO;
				CLANG_ANALYZER_NONNULL = YES;
				CLANG_ANALYZER_NUMBER_OBJECT_CONVERSION = YES_AGGRESSIVE;
				CLANG_CXX_LANGUAGE_STANDARD = "gnu++17";
				CLANG_CXX_LIBRARY = "libc++";
				CLANG_ENABLE_MODULES = YES;
				CLANG_ENABLE_OBJC_ARC = YES;
				CLANG_ENABLE_OBJC_WEAK = YES;
				CLANG_WARN_BLOCK_CAPTURE_AUTORELEASING = YES;
				CLANG_WARN_BOOL_CONVERSION = YES;
				CLANG_WARN_COMMA = YES;
				CLANG_WARN_CONSTANT_CONVERSION = YES;
				CLANG_WARN_DEPRECATED_OBJC_IMPLEMENTATIONS = YES;
				CLANG_WARN_DIRECT_OBJC_ISA_USAGE = YES_ERROR;
				CLANG_WARN_DOCUMENTATION_COMMENTS = YES;
				CLANG_WARN_EMPTY_BODY = YES;
				CLANG_WARN_ENUM_CONVERSION = YES;
				CLANG_WARN_INFINITE_RECURSION = YES;
				CLANG_WARN_INT_CONVERSION = YES;
				CLANG_WARN_NON_LITERAL_NULL_CONVERSION = YES;
				CLANG_WARN_OBJC_IMPLICIT_RETAIN_SELF = YES;
				CLANG_WARN_OBJC_LITERAL_CONVERSION = YES;
				CLANG_WARN_OBJC_ROOT_CLASS = YES_ERROR;
				CLANG_WARN_QUOTED_INCLUDE_IN_FRAMEWORK_HEADER = YES;
				CLANG_WARN_RANGE_LOOP_ANALYSIS = YES;
				CLANG_WARN_STRICT_PROTOTYPES = YES;
				CLANG_WARN_SUSPICIOUS_MOVE = YES;
				CLANG_WARN_UNGUARDED_AVAILABILITY = YES_AGGRESSIVE;
				CLANG_WARN_UNREACHABLE_CODE = YES;
				CLANG_WARN__DUPLICATE_METHOD_MATCH = YES;
				COPY_PHASE_STRIP = NO;
				DEBUG_INFORMATION_FORMAT = dwarf;
				ENABLE_STRICT_OBJC_MSGSEND = YES;
				ENABLE_TESTABILITY = YES;
				GCC_C_LANGUAGE_STANDARD = gnu11;
				GCC_DYNAMIC_NO_PIC = NO;
				GCC_NO_COMMON_BLOCKS = YES;
				GCC_OPTIMIZATION_LEVEL = 0;
				GCC_PREPROCESSOR_DEFINITIONS = (
					"DEBUG=1",
					"$(inherited)",
				);
				GCC_WARN_64_TO_32_BIT_CONVERSION = YES;
				GCC_WARN_ABOUT_RETURN_TYPE = YES_ERROR;
				GCC_WARN_UNDECLARED_SELECTOR = YES;
				GCC_WARN_UNINITIALIZED_AUTOS = YES_AGGRESSIVE;
				GCC_WARN_UNUSED_FUNCTION = YES;
				GCC_WARN_UNUSED_VARIABLE = YES;
				IPHONEOS_DEPLOYMENT_TARGET = 15.2;
				MTL_ENABLE_DEBUG_INFO = INCLUDE_SOURCE;
				MTL_FAST_MATH = YES;
				ONLY_ACTIVE_ARCH = YES;
				SDKROOT = iphoneos;
				SWIFT_ACTIVE_COMPILATION_CONDITIONS = DEBUG;
				SWIFT_OPTIMIZATION_LEVEL = "-Onone";
			};
			name = Debug;
		};
		11E8167327B413F8003D5B88 /* Release */ = {
			isa = XCBuildConfiguration;
			buildSettings = {
				ALWAYS_SEARCH_USER_PATHS = NO;
				CLANG_ANALYZER_NONNULL = YES;
				CLANG_ANALYZER_NUMBER_OBJECT_CONVERSION = YES_AGGRESSIVE;
				CLANG_CXX_LANGUAGE_STANDARD = "gnu++17";
				CLANG_CXX_LIBRARY = "libc++";
				CLANG_ENABLE_MODULES = YES;
				CLANG_ENABLE_OBJC_ARC = YES;
				CLANG_ENABLE_OBJC_WEAK = YES;
				CLANG_WARN_BLOCK_CAPTURE_AUTORELEASING = YES;
				CLANG_WARN_BOOL_CONVERSION = YES;
				CLANG_WARN_COMMA = YES;
				CLANG_WARN_CONSTANT_CONVERSION = YES;
				CLANG_WARN_DEPRECATED_OBJC_IMPLEMENTATIONS = YES;
				CLANG_WARN_DIRECT_OBJC_ISA_USAGE = YES_ERROR;
				CLANG_WARN_DOCUMENTATION_COMMENTS = YES;
				CLANG_WARN_EMPTY_BODY = YES;
				CLANG_WARN_ENUM_CONVERSION = YES;
				CLANG_WARN_INFINITE_RECURSION = YES;
				CLANG_WARN_INT_CONVERSION = YES;
				CLANG_WARN_NON_LITERAL_NULL_CONVERSION = YES;
				CLANG_WARN_OBJC_IMPLICIT_RETAIN_SELF = YES;
				CLANG_WARN_OBJC_LITERAL_CONVERSION = YES;
				CLANG_WARN_OBJC_ROOT_CLASS = YES_ERROR;
				CLANG_WARN_QUOTED_INCLUDE_IN_FRAMEWORK_HEADER = YES;
				CLANG_WARN_RANGE_LOOP_ANALYSIS = YES;
				CLANG_WARN_STRICT_PROTOTYPES = YES;
				CLANG_WARN_SUSPICIOUS_MOVE = YES;
				CLANG_WARN_UNGUARDED_AVAILABILITY = YES_AGGRESSIVE;
				CLANG_WARN_UNREACHABLE_CODE = YES;
				CLANG_WARN__DUPLICATE_METHOD_MATCH = YES;
				COPY_PHASE_STRIP = NO;
				DEBUG_INFORMATION_FORMAT = "dwarf-with-dsym";
				ENABLE_NS_ASSERTIONS = NO;
				ENABLE_STRICT_OBJC_MSGSEND = YES;
				GCC_C_LANGUAGE_STANDARD = gnu11;
				GCC_NO_COMMON_BLOCKS = YES;
				GCC_WARN_64_TO_32_BIT_CONVERSION = YES;
				GCC_WARN_ABOUT_RETURN_TYPE = YES_ERROR;
				GCC_WARN_UNDECLARED_SELECTOR = YES;
				GCC_WARN_UNINITIALIZED_AUTOS = YES_AGGRESSIVE;
				GCC_WARN_UNUSED_FUNCTION = YES;
				GCC_WARN_UNUSED_VARIABLE = YES;
				IPHONEOS_DEPLOYMENT_TARGET = 15.2;
				MTL_ENABLE_DEBUG_INFO = NO;
				MTL_FAST_MATH = YES;
				SDKROOT = iphoneos;
				SWIFT_COMPILATION_MODE = wholemodule;
				SWIFT_OPTIMIZATION_LEVEL = "-O";
				VALIDATE_PRODUCT = YES;
			};
			name = Release;
		};
		11E8167527B413F8003D5B88 /* Debug */ = {
			isa = XCBuildConfiguration;
			buildSettings = {
				ASSETCATALOG_COMPILER_APPICON_NAME = AppIcon;
				ASSETCATALOG_COMPILER_GLOBAL_ACCENT_COLOR_NAME = AccentColor;
				CODE_SIGN_STYLE = Automatic;
				CURRENT_PROJECT_VERSION = 1;
				DEVELOPMENT_TEAM = HWG25L3MNF;
				GENERATE_INFOPLIST_FILE = YES;
				INFOPLIST_FILE = CurrencyConverter/Info.plist;
				INFOPLIST_KEY_UIApplicationSupportsIndirectInputEvents = YES;
				INFOPLIST_KEY_UILaunchStoryboardName = LaunchScreen;
				INFOPLIST_KEY_UIMainStoryboardFile = Main;
				INFOPLIST_KEY_UISupportedInterfaceOrientations_iPad = "UIInterfaceOrientationPortrait UIInterfaceOrientationPortraitUpsideDown UIInterfaceOrientationLandscapeLeft UIInterfaceOrientationLandscapeRight";
				INFOPLIST_KEY_UISupportedInterfaceOrientations_iPhone = "UIInterfaceOrientationPortrait UIInterfaceOrientationLandscapeLeft UIInterfaceOrientationLandscapeRight";
				LD_RUNPATH_SEARCH_PATHS = (
					"$(inherited)",
					"@executable_path/Frameworks",
				);
				MARKETING_VERSION = 1.0;
				PRODUCT_BUNDLE_IDENTIFIER = com.CurrencyConverter;
				PRODUCT_NAME = "$(TARGET_NAME)";
				SWIFT_EMIT_LOC_STRINGS = YES;
				SWIFT_VERSION = 5.0;
				TARGETED_DEVICE_FAMILY = "1,2";
			};
			name = Debug;
		};
		11E8167627B413F8003D5B88 /* Release */ = {
			isa = XCBuildConfiguration;
			buildSettings = {
				ASSETCATALOG_COMPILER_APPICON_NAME = AppIcon;
				ASSETCATALOG_COMPILER_GLOBAL_ACCENT_COLOR_NAME = AccentColor;
				CODE_SIGN_STYLE = Automatic;
				CURRENT_PROJECT_VERSION = 1;
				DEVELOPMENT_TEAM = HWG25L3MNF;
				GENERATE_INFOPLIST_FILE = YES;
				INFOPLIST_FILE = CurrencyConverter/Info.plist;
				INFOPLIST_KEY_UIApplicationSupportsIndirectInputEvents = YES;
				INFOPLIST_KEY_UILaunchStoryboardName = LaunchScreen;
				INFOPLIST_KEY_UIMainStoryboardFile = Main;
				INFOPLIST_KEY_UISupportedInterfaceOrientations_iPad = "UIInterfaceOrientationPortrait UIInterfaceOrientationPortraitUpsideDown UIInterfaceOrientationLandscapeLeft UIInterfaceOrientationLandscapeRight";
				INFOPLIST_KEY_UISupportedInterfaceOrientations_iPhone = "UIInterfaceOrientationPortrait UIInterfaceOrientationLandscapeLeft UIInterfaceOrientationLandscapeRight";
				LD_RUNPATH_SEARCH_PATHS = (
					"$(inherited)",
					"@executable_path/Frameworks",
				);
				MARKETING_VERSION = 1.0;
				PRODUCT_BUNDLE_IDENTIFIER = com.CurrencyConverter;
				PRODUCT_NAME = "$(TARGET_NAME)";
				SWIFT_EMIT_LOC_STRINGS = YES;
				SWIFT_VERSION = 5.0;
				TARGETED_DEVICE_FAMILY = "1,2";
			};
			name = Release;
		};
		11FDA74427B8F16300BB304D /* Debug */ = {
			isa = XCBuildConfiguration;
			buildSettings = {
				BUNDLE_LOADER = "$(TEST_HOST)";
				CODE_SIGN_STYLE = Automatic;
				CURRENT_PROJECT_VERSION = 1;
				DEVELOPMENT_TEAM = HWG25L3MNF;
				GENERATE_INFOPLIST_FILE = YES;
				MARKETING_VERSION = 1.0;
				PRODUCT_BUNDLE_IDENTIFIER = com.CurrencyConverterTests;
				PRODUCT_NAME = "$(TARGET_NAME)";
				SWIFT_EMIT_LOC_STRINGS = NO;
				SWIFT_VERSION = 5.0;
				TARGETED_DEVICE_FAMILY = "1,2";
				TEST_HOST = "$(BUILT_PRODUCTS_DIR)/CurrencyConverter.app/CurrencyConverter";
			};
			name = Debug;
		};
		11FDA74527B8F16300BB304D /* Release */ = {
			isa = XCBuildConfiguration;
			buildSettings = {
				BUNDLE_LOADER = "$(TEST_HOST)";
				CODE_SIGN_STYLE = Automatic;
				CURRENT_PROJECT_VERSION = 1;
				DEVELOPMENT_TEAM = HWG25L3MNF;
				GENERATE_INFOPLIST_FILE = YES;
				MARKETING_VERSION = 1.0;
				PRODUCT_BUNDLE_IDENTIFIER = com.CurrencyConverterTests;
				PRODUCT_NAME = "$(TARGET_NAME)";
				SWIFT_EMIT_LOC_STRINGS = NO;
				SWIFT_VERSION = 5.0;
				TARGETED_DEVICE_FAMILY = "1,2";
				TEST_HOST = "$(BUILT_PRODUCTS_DIR)/CurrencyConverter.app/CurrencyConverter";
			};
			name = Release;
		};
/* End XCBuildConfiguration section */

/* Begin XCConfigurationList section */
		11E8165B27B413F5003D5B88 /* Build configuration list for PBXProject "CurrencyConverter" */ = {
			isa = XCConfigurationList;
			buildConfigurations = (
				11E8167227B413F8003D5B88 /* Debug */,
				11E8167327B413F8003D5B88 /* Release */,
			);
			defaultConfigurationIsVisible = 0;
			defaultConfigurationName = Release;
		};
		11E8167427B413F8003D5B88 /* Build configuration list for PBXNativeTarget "CurrencyConverter" */ = {
			isa = XCConfigurationList;
			buildConfigurations = (
				11E8167527B413F8003D5B88 /* Debug */,
				11E8167627B413F8003D5B88 /* Release */,
			);
			defaultConfigurationIsVisible = 0;
			defaultConfigurationName = Release;
		};
		11FDA74627B8F16300BB304D /* Build configuration list for PBXNativeTarget "CurrencyConverterTests" */ = {
			isa = XCConfigurationList;
			buildConfigurations = (
				11FDA74427B8F16300BB304D /* Debug */,
				11FDA74527B8F16300BB304D /* Release */,
			);
			defaultConfigurationIsVisible = 0;
			defaultConfigurationName = Release;
		};
/* End XCConfigurationList section */
	};
	rootObject = 11E8165827B413F5003D5B88 /* Project object */;
}
